// !$*UTF8*$!
{
	archiveVersion = 1;
	classes = {
	};
	objectVersion = 56;
	objects = {

/* Begin PBXBuildFile section */
		8B0FFFAA2A473C46003EF4B8 /* Constants.swift in Sources */ = {isa = PBXBuildFile; fileRef = 8B0FFFA92A473C46003EF4B8 /* Constants.swift */; };
		8B0FFFAD2A49FE91003EF4B8 /* AuthViewController.swift in Sources */ = {isa = PBXBuildFile; fileRef = 8B0FFFAC2A49FE91003EF4B8 /* AuthViewController.swift */; };
		8B5EC2572A323C93004098A8 /* ProfileViewController.swift in Sources */ = {isa = PBXBuildFile; fileRef = 8B5EC2562A323C93004098A8 /* ProfileViewController.swift */; };
		8B5EC25A2A325E87004098A8 /* SingleImageViewController.swift in Sources */ = {isa = PBXBuildFile; fileRef = 8B5EC2592A325E87004098A8 /* SingleImageViewController.swift */; };
		8B7A04C52A233FCA00047F2F /* AppDelegate.swift in Sources */ = {isa = PBXBuildFile; fileRef = 8B7A04C42A233FCA00047F2F /* AppDelegate.swift */; };
		8B7A04C72A233FCA00047F2F /* SceneDelegate.swift in Sources */ = {isa = PBXBuildFile; fileRef = 8B7A04C62A233FCA00047F2F /* SceneDelegate.swift */; };
		8B7A04C92A233FCA00047F2F /* ImagesListViewController.swift in Sources */ = {isa = PBXBuildFile; fileRef = 8B7A04C82A233FCA00047F2F /* ImagesListViewController.swift */; };
		8B7A04CC2A233FCA00047F2F /* Main.storyboard in Resources */ = {isa = PBXBuildFile; fileRef = 8B7A04CA2A233FCA00047F2F /* Main.storyboard */; };
		8B7A04CE2A233FCC00047F2F /* Assets.xcassets in Resources */ = {isa = PBXBuildFile; fileRef = 8B7A04CD2A233FCC00047F2F /* Assets.xcassets */; };
		8B7A04D12A233FCC00047F2F /* LaunchScreen.storyboard in Resources */ = {isa = PBXBuildFile; fileRef = 8B7A04CF2A233FCC00047F2F /* LaunchScreen.storyboard */; };
		8B7A04D92A23474E00047F2F /* UIColor+Extensions.swift in Sources */ = {isa = PBXBuildFile; fileRef = 8B7A04D82A23474E00047F2F /* UIColor+Extensions.swift */; };
		8B7A04FC2A23C22400047F2F /* ImagesListCell.swift in Sources */ = {isa = PBXBuildFile; fileRef = 8B7A04FB2A23C22400047F2F /* ImagesListCell.swift */; };
		8B7A04FF2A268C2D00047F2F /* Date+Extensions.swift in Sources */ = {isa = PBXBuildFile; fileRef = 8B7A04FE2A268C2D00047F2F /* Date+Extensions.swift */; };
		8B91B6CC2A4A0666003314AC /* WebViewViewController.swift in Sources */ = {isa = PBXBuildFile; fileRef = 8B91B6CB2A4A0666003314AC /* WebViewViewController.swift */; };
		8B91B6CE2A4DF9F6003314AC /* WebViewViewControllerDelegate.swift in Sources */ = {isa = PBXBuildFile; fileRef = 8B91B6CD2A4DF9F6003314AC /* WebViewViewControllerDelegate.swift */; };
		8B91B6D02A4F5A4B003314AC /* OAuth2Service.swift in Sources */ = {isa = PBXBuildFile; fileRef = 8B91B6CF2A4F5A4B003314AC /* OAuth2Service.swift */; };
		8B91B6D22A4F5AD7003314AC /* OAuth2TokenStorage.swift in Sources */ = {isa = PBXBuildFile; fileRef = 8B91B6D12A4F5AD7003314AC /* OAuth2TokenStorage.swift */; };
		8B91B6D42A4F61CA003314AC /* OAuthTokenResponseBody.swift in Sources */ = {isa = PBXBuildFile; fileRef = 8B91B6D32A4F61CA003314AC /* OAuthTokenResponseBody.swift */; };
		8B91B6D62A51FA7D003314AC /* AuthViewControllerDelegate.swift in Sources */ = {isa = PBXBuildFile; fileRef = 8B91B6D52A51FA7D003314AC /* AuthViewControllerDelegate.swift */; };
/* End PBXBuildFile section */

/* Begin PBXFileReference section */
		8B0FFFA92A473C46003EF4B8 /* Constants.swift */ = {isa = PBXFileReference; lastKnownFileType = sourcecode.swift; path = Constants.swift; sourceTree = "<group>"; };
		8B0FFFAC2A49FE91003EF4B8 /* AuthViewController.swift */ = {isa = PBXFileReference; lastKnownFileType = sourcecode.swift; path = AuthViewController.swift; sourceTree = "<group>"; };
		8B5EC2562A323C93004098A8 /* ProfileViewController.swift */ = {isa = PBXFileReference; lastKnownFileType = sourcecode.swift; path = ProfileViewController.swift; sourceTree = "<group>"; };
		8B5EC2592A325E87004098A8 /* SingleImageViewController.swift */ = {isa = PBXFileReference; lastKnownFileType = sourcecode.swift; path = SingleImageViewController.swift; sourceTree = "<group>"; };
		8B7A04C12A233FCA00047F2F /* ImageFeed_2.app */ = {isa = PBXFileReference; explicitFileType = wrapper.application; includeInIndex = 0; path = ImageFeed_2.app; sourceTree = BUILT_PRODUCTS_DIR; };
		8B7A04C42A233FCA00047F2F /* AppDelegate.swift */ = {isa = PBXFileReference; lastKnownFileType = sourcecode.swift; path = AppDelegate.swift; sourceTree = "<group>"; };
		8B7A04C62A233FCA00047F2F /* SceneDelegate.swift */ = {isa = PBXFileReference; lastKnownFileType = sourcecode.swift; path = SceneDelegate.swift; sourceTree = "<group>"; };
		8B7A04C82A233FCA00047F2F /* ImagesListViewController.swift */ = {isa = PBXFileReference; lastKnownFileType = sourcecode.swift; path = ImagesListViewController.swift; sourceTree = "<group>"; };
		8B7A04CB2A233FCA00047F2F /* Base */ = {isa = PBXFileReference; lastKnownFileType = file.storyboard; name = Base; path = Base.lproj/Main.storyboard; sourceTree = "<group>"; };
		8B7A04CD2A233FCC00047F2F /* Assets.xcassets */ = {isa = PBXFileReference; lastKnownFileType = folder.assetcatalog; path = Assets.xcassets; sourceTree = "<group>"; };
		8B7A04D02A233FCC00047F2F /* Base */ = {isa = PBXFileReference; lastKnownFileType = file.storyboard; name = Base; path = Base.lproj/LaunchScreen.storyboard; sourceTree = "<group>"; };
		8B7A04D22A233FCC00047F2F /* Info.plist */ = {isa = PBXFileReference; lastKnownFileType = text.plist.xml; path = Info.plist; sourceTree = "<group>"; };
		8B7A04D82A23474E00047F2F /* UIColor+Extensions.swift */ = {isa = PBXFileReference; lastKnownFileType = sourcecode.swift; path = "UIColor+Extensions.swift"; sourceTree = "<group>"; };
		8B7A04FB2A23C22400047F2F /* ImagesListCell.swift */ = {isa = PBXFileReference; lastKnownFileType = sourcecode.swift; path = ImagesListCell.swift; sourceTree = "<group>"; };
		8B7A04FE2A268C2D00047F2F /* Date+Extensions.swift */ = {isa = PBXFileReference; lastKnownFileType = sourcecode.swift; path = "Date+Extensions.swift"; sourceTree = "<group>"; };
		8B91B6CB2A4A0666003314AC /* WebViewViewController.swift */ = {isa = PBXFileReference; lastKnownFileType = sourcecode.swift; path = WebViewViewController.swift; sourceTree = "<group>"; };
		8B91B6CD2A4DF9F6003314AC /* WebViewViewControllerDelegate.swift */ = {isa = PBXFileReference; lastKnownFileType = sourcecode.swift; path = WebViewViewControllerDelegate.swift; sourceTree = "<group>"; };
		8B91B6CF2A4F5A4B003314AC /* OAuth2Service.swift */ = {isa = PBXFileReference; lastKnownFileType = sourcecode.swift; path = OAuth2Service.swift; sourceTree = "<group>"; };
		8B91B6D12A4F5AD7003314AC /* OAuth2TokenStorage.swift */ = {isa = PBXFileReference; lastKnownFileType = sourcecode.swift; path = OAuth2TokenStorage.swift; sourceTree = "<group>"; };
		8B91B6D32A4F61CA003314AC /* OAuthTokenResponseBody.swift */ = {isa = PBXFileReference; lastKnownFileType = sourcecode.swift; path = OAuthTokenResponseBody.swift; sourceTree = "<group>"; };
		8B91B6D52A51FA7D003314AC /* AuthViewControllerDelegate.swift */ = {isa = PBXFileReference; lastKnownFileType = sourcecode.swift; path = AuthViewControllerDelegate.swift; sourceTree = "<group>"; };
/* End PBXFileReference section */

/* Begin PBXFrameworksBuildPhase section */
		8B7A04BE2A233FCA00047F2F /* Frameworks */ = {
			isa = PBXFrameworksBuildPhase;
			buildActionMask = 2147483647;
			files = (
			);
			runOnlyForDeploymentPostprocessing = 0;
		};
/* End PBXFrameworksBuildPhase section */

/* Begin PBXGroup section */
		8B0FFFAB2A49FE80003EF4B8 /* Auth */ = {
			isa = PBXGroup;
			children = (
				8B0FFFAC2A49FE91003EF4B8 /* AuthViewController.swift */,
				8B91B6D52A51FA7D003314AC /* AuthViewControllerDelegate.swift */,
				8B91B6CD2A4DF9F6003314AC /* WebViewViewControllerDelegate.swift */,
				8B91B6CB2A4A0666003314AC /* WebViewViewController.swift */,
				8B91B6CF2A4F5A4B003314AC /* OAuth2Service.swift */,
				8B91B6D12A4F5AD7003314AC /* OAuth2TokenStorage.swift */,
				8B91B6D32A4F61CA003314AC /* OAuthTokenResponseBody.swift */,
			);
			path = Auth;
			sourceTree = "<group>";
		};
		8B5EC2582A3245D2004098A8 /* Profile */ = {
			isa = PBXGroup;
			children = (
				8B5EC2562A323C93004098A8 /* ProfileViewController.swift */,
			);
			path = Profile;
			sourceTree = "<group>";
		};
		8B5EC25B2A326180004098A8 /* Single Image */ = {
			isa = PBXGroup;
			children = (
				8B5EC2592A325E87004098A8 /* SingleImageViewController.swift */,
			);
			path = "Single Image";
			sourceTree = "<group>";
		};
		8B7A04B82A233FCA00047F2F = {
			isa = PBXGroup;
			children = (
				8B0FFFAB2A49FE80003EF4B8 /* Auth */,
				8B5EC25B2A326180004098A8 /* Single Image */,
				8B7A04DA2A23477A00047F2F /* Other */,
				8B5EC2582A3245D2004098A8 /* Profile */,
				8B7A04FD2A23C25700047F2F /* ImagesList */,
				8B7A04C32A233FCA00047F2F /* ImageFeed_2 */,
				8B7A04C22A233FCA00047F2F /* Products */,
			);
			sourceTree = "<group>";
		};
		8B7A04C22A233FCA00047F2F /* Products */ = {
			isa = PBXGroup;
			children = (
				8B7A04C12A233FCA00047F2F /* ImageFeed_2.app */,
			);
			name = Products;
			sourceTree = "<group>";
		};
		8B7A04C32A233FCA00047F2F /* ImageFeed_2 */ = {
			isa = PBXGroup;
			children = (
				8B7A04CA2A233FCA00047F2F /* Main.storyboard */,
				8B7A04CD2A233FCC00047F2F /* Assets.xcassets */,
				8B7A04CF2A233FCC00047F2F /* LaunchScreen.storyboard */,
				8B7A04D22A233FCC00047F2F /* Info.plist */,
				8B7A04C42A233FCA00047F2F /* AppDelegate.swift */,
				8B0FFFA92A473C46003EF4B8 /* Constants.swift */,
				8B7A04C62A233FCA00047F2F /* SceneDelegate.swift */,
			);
			path = ImageFeed_2;
			sourceTree = "<group>";
		};
		8B7A04DA2A23477A00047F2F /* Other */ = {
			isa = PBXGroup;
			children = (
				8B7A04D82A23474E00047F2F /* UIColor+Extensions.swift */,
				8B7A04FE2A268C2D00047F2F /* Date+Extensions.swift */,
			);
			path = Other;
			sourceTree = "<group>";
		};
		8B7A04FD2A23C25700047F2F /* ImagesList */ = {
			isa = PBXGroup;
			children = (
				8B7A04C82A233FCA00047F2F /* ImagesListViewController.swift */,
				8B7A04FB2A23C22400047F2F /* ImagesListCell.swift */,
			);
			path = ImagesList;
			sourceTree = "<group>";
		};
/* End PBXGroup section */

/* Begin PBXNativeTarget section */
		8B7A04C02A233FCA00047F2F /* ImageFeed_2 */ = {
			isa = PBXNativeTarget;
			buildConfigurationList = 8B7A04D52A233FCC00047F2F /* Build configuration list for PBXNativeTarget "ImageFeed_2" */;
			buildPhases = (
				8B7A04BD2A233FCA00047F2F /* Sources */,
				8B7A04BE2A233FCA00047F2F /* Frameworks */,
				8B7A04BF2A233FCA00047F2F /* Resources */,
			);
			buildRules = (
			);
			dependencies = (
			);
			name = ImageFeed_2;
			productName = ImageFeed_2;
			productReference = 8B7A04C12A233FCA00047F2F /* ImageFeed_2.app */;
			productType = "com.apple.product-type.application";
		};
/* End PBXNativeTarget section */

/* Begin PBXProject section */
		8B7A04B92A233FCA00047F2F /* Project object */ = {
			isa = PBXProject;
			attributes = {
				BuildIndependentTargetsInParallel = 1;
				LastSwiftUpdateCheck = 1430;
				LastUpgradeCheck = 1430;
				TargetAttributes = {
					8B7A04C02A233FCA00047F2F = {
						CreatedOnToolsVersion = 14.3;
					};
				};
			};
			buildConfigurationList = 8B7A04BC2A233FCA00047F2F /* Build configuration list for PBXProject "ImageFeed_2" */;
			compatibilityVersion = "Xcode 14.0";
			developmentRegion = en;
			hasScannedForEncodings = 0;
			knownRegions = (
				en,
				Base,
			);
			mainGroup = 8B7A04B82A233FCA00047F2F;
			productRefGroup = 8B7A04C22A233FCA00047F2F /* Products */;
			projectDirPath = "";
			projectRoot = "";
			targets = (
				8B7A04C02A233FCA00047F2F /* ImageFeed_2 */,
			);
		};
/* End PBXProject section */

/* Begin PBXResourcesBuildPhase section */
		8B7A04BF2A233FCA00047F2F /* Resources */ = {
			isa = PBXResourcesBuildPhase;
			buildActionMask = 2147483647;
			files = (
				8B7A04D12A233FCC00047F2F /* LaunchScreen.storyboard in Resources */,
				8B7A04CE2A233FCC00047F2F /* Assets.xcassets in Resources */,
				8B7A04CC2A233FCA00047F2F /* Main.storyboard in Resources */,
			);
			runOnlyForDeploymentPostprocessing = 0;
		};
/* End PBXResourcesBuildPhase section */

/* Begin PBXSourcesBuildPhase section */
		8B7A04BD2A233FCA00047F2F /* Sources */ = {
			isa = PBXSourcesBuildPhase;
			buildActionMask = 2147483647;
			files = (
				8B7A04C92A233FCA00047F2F /* ImagesListViewController.swift in Sources */,
				8B7A04C52A233FCA00047F2F /* AppDelegate.swift in Sources */,
				8B91B6D02A4F5A4B003314AC /* OAuth2Service.swift in Sources */,
				8B0FFFAD2A49FE91003EF4B8 /* AuthViewController.swift in Sources */,
				8B7A04FC2A23C22400047F2F /* ImagesListCell.swift in Sources */,
				8B7A04C72A233FCA00047F2F /* SceneDelegate.swift in Sources */,
				8B91B6D22A4F5AD7003314AC /* OAuth2TokenStorage.swift in Sources */,
				8B5EC2572A323C93004098A8 /* ProfileViewController.swift in Sources */,
				8B7A04D92A23474E00047F2F /* UIColor+Extensions.swift in Sources */,
				8B5EC25A2A325E87004098A8 /* SingleImageViewController.swift in Sources */,
				8B7A04FF2A268C2D00047F2F /* Date+Extensions.swift in Sources */,
				8B91B6CE2A4DF9F6003314AC /* WebViewViewControllerDelegate.swift in Sources */,
				8B91B6CC2A4A0666003314AC /* WebViewViewController.swift in Sources */,
				8B0FFFAA2A473C46003EF4B8 /* Constants.swift in Sources */,
				8B91B6D62A51FA7D003314AC /* AuthViewControllerDelegate.swift in Sources */,
				8B91B6D42A4F61CA003314AC /* OAuthTokenResponseBody.swift in Sources */,
			);
			runOnlyForDeploymentPostprocessing = 0;
		};
/* End PBXSourcesBuildPhase section */

/* Begin PBXVariantGroup section */
		8B7A04CA2A233FCA00047F2F /* Main.storyboard */ = {
			isa = PBXVariantGroup;
			children = (
				8B7A04CB2A233FCA00047F2F /* Base */,
			);
			name = Main.storyboard;
			sourceTree = "<group>";
		};
		8B7A04CF2A233FCC00047F2F /* LaunchScreen.storyboard */ = {
			isa = PBXVariantGroup;
			children = (
				8B7A04D02A233FCC00047F2F /* Base */,
			);
			name = LaunchScreen.storyboard;
			sourceTree = "<group>";
		};
/* End PBXVariantGroup section */

/* Begin XCBuildConfiguration section */
		8B7A04D32A233FCC00047F2F /* Debug */ = {
			isa = XCBuildConfiguration;
			buildSettings = {
				ALWAYS_SEARCH_USER_PATHS = NO;
				CLANG_ANALYZER_NONNULL = YES;
				CLANG_ANALYZER_NUMBER_OBJECT_CONVERSION = YES_AGGRESSIVE;
				CLANG_CXX_LANGUAGE_STANDARD = "gnu++20";
				CLANG_ENABLE_MODULES = YES;
				CLANG_ENABLE_OBJC_ARC = YES;
				CLANG_ENABLE_OBJC_WEAK = YES;
				CLANG_WARN_BLOCK_CAPTURE_AUTORELEASING = YES;
				CLANG_WARN_BOOL_CONVERSION = YES;
				CLANG_WARN_COMMA = YES;
				CLANG_WARN_CONSTANT_CONVERSION = YES;
				CLANG_WARN_DEPRECATED_OBJC_IMPLEMENTATIONS = YES;
				CLANG_WARN_DIRECT_OBJC_ISA_USAGE = YES_ERROR;
				CLANG_WARN_DOCUMENTATION_COMMENTS = YES;
				CLANG_WARN_EMPTY_BODY = YES;
				CLANG_WARN_ENUM_CONVERSION = YES;
				CLANG_WARN_INFINITE_RECURSION = YES;
				CLANG_WARN_INT_CONVERSION = YES;
				CLANG_WARN_NON_LITERAL_NULL_CONVERSION = YES;
				CLANG_WARN_OBJC_IMPLICIT_RETAIN_SELF = YES;
				CLANG_WARN_OBJC_LITERAL_CONVERSION = YES;
				CLANG_WARN_OBJC_ROOT_CLASS = YES_ERROR;
				CLANG_WARN_QUOTED_INCLUDE_IN_FRAMEWORK_HEADER = YES;
				CLANG_WARN_RANGE_LOOP_ANALYSIS = YES;
				CLANG_WARN_STRICT_PROTOTYPES = YES;
				CLANG_WARN_SUSPICIOUS_MOVE = YES;
				CLANG_WARN_UNGUARDED_AVAILABILITY = YES_AGGRESSIVE;
				CLANG_WARN_UNREACHABLE_CODE = YES;
				CLANG_WARN__DUPLICATE_METHOD_MATCH = YES;
				COPY_PHASE_STRIP = NO;
				DEBUG_INFORMATION_FORMAT = dwarf;
				ENABLE_STRICT_OBJC_MSGSEND = YES;
				ENABLE_TESTABILITY = YES;
				GCC_C_LANGUAGE_STANDARD = gnu11;
				GCC_DYNAMIC_NO_PIC = NO;
				GCC_NO_COMMON_BLOCKS = YES;
				GCC_OPTIMIZATION_LEVEL = 0;
				GCC_PREPROCESSOR_DEFINITIONS = (
					"DEBUG=1",
					"$(inherited)",
				);
				GCC_WARN_64_TO_32_BIT_CONVERSION = YES;
				GCC_WARN_ABOUT_RETURN_TYPE = YES_ERROR;
				GCC_WARN_UNDECLARED_SELECTOR = YES;
				GCC_WARN_UNINITIALIZED_AUTOS = YES_AGGRESSIVE;
				GCC_WARN_UNUSED_FUNCTION = YES;
				GCC_WARN_UNUSED_VARIABLE = YES;
				IPHONEOS_DEPLOYMENT_TARGET = 16.4;
				MTL_ENABLE_DEBUG_INFO = INCLUDE_SOURCE;
				MTL_FAST_MATH = YES;
				ONLY_ACTIVE_ARCH = YES;
				SDKROOT = iphoneos;
				SWIFT_ACTIVE_COMPILATION_CONDITIONS = DEBUG;
				SWIFT_OPTIMIZATION_LEVEL = "-Onone";
			};
			name = Debug;
		};
		8B7A04D42A233FCC00047F2F /* Release */ = {
			isa = XCBuildConfiguration;
			buildSettings = {
				ALWAYS_SEARCH_USER_PATHS = NO;
				CLANG_ANALYZER_NONNULL = YES;
				CLANG_ANALYZER_NUMBER_OBJECT_CONVERSION = YES_AGGRESSIVE;
				CLANG_CXX_LANGUAGE_STANDARD = "gnu++20";
				CLANG_ENABLE_MODULES = YES;
				CLANG_ENABLE_OBJC_ARC = YES;
				CLANG_ENABLE_OBJC_WEAK = YES;
				CLANG_WARN_BLOCK_CAPTURE_AUTORELEASING = YES;
				CLANG_WARN_BOOL_CONVERSION = YES;
				CLANG_WARN_COMMA = YES;
				CLANG_WARN_CONSTANT_CONVERSION = YES;
				CLANG_WARN_DEPRECATED_OBJC_IMPLEMENTATIONS = YES;
				CLANG_WARN_DIRECT_OBJC_ISA_USAGE = YES_ERROR;
				CLANG_WARN_DOCUMENTATION_COMMENTS = YES;
				CLANG_WARN_EMPTY_BODY = YES;
				CLANG_WARN_ENUM_CONVERSION = YES;
				CLANG_WARN_INFINITE_RECURSION = YES;
				CLANG_WARN_INT_CONVERSION = YES;
				CLANG_WARN_NON_LITERAL_NULL_CONVERSION = YES;
				CLANG_WARN_OBJC_IMPLICIT_RETAIN_SELF = YES;
				CLANG_WARN_OBJC_LITERAL_CONVERSION = YES;
				CLANG_WARN_OBJC_ROOT_CLASS = YES_ERROR;
				CLANG_WARN_QUOTED_INCLUDE_IN_FRAMEWORK_HEADER = YES;
				CLANG_WARN_RANGE_LOOP_ANALYSIS = YES;
				CLANG_WARN_STRICT_PROTOTYPES = YES;
				CLANG_WARN_SUSPICIOUS_MOVE = YES;
				CLANG_WARN_UNGUARDED_AVAILABILITY = YES_AGGRESSIVE;
				CLANG_WARN_UNREACHABLE_CODE = YES;
				CLANG_WARN__DUPLICATE_METHOD_MATCH = YES;
				COPY_PHASE_STRIP = NO;
				DEBUG_INFORMATION_FORMAT = "dwarf-with-dsym";
				ENABLE_NS_ASSERTIONS = NO;
				ENABLE_STRICT_OBJC_MSGSEND = YES;
				GCC_C_LANGUAGE_STANDARD = gnu11;
				GCC_NO_COMMON_BLOCKS = YES;
				GCC_WARN_64_TO_32_BIT_CONVERSION = YES;
				GCC_WARN_ABOUT_RETURN_TYPE = YES_ERROR;
				GCC_WARN_UNDECLARED_SELECTOR = YES;
				GCC_WARN_UNINITIALIZED_AUTOS = YES_AGGRESSIVE;
				GCC_WARN_UNUSED_FUNCTION = YES;
				GCC_WARN_UNUSED_VARIABLE = YES;
				IPHONEOS_DEPLOYMENT_TARGET = 16.4;
				MTL_ENABLE_DEBUG_INFO = NO;
				MTL_FAST_MATH = YES;
				SDKROOT = iphoneos;
				SWIFT_COMPILATION_MODE = wholemodule;
				SWIFT_OPTIMIZATION_LEVEL = "-O";
				VALIDATE_PRODUCT = YES;
			};
			name = Release;
		};
		8B7A04D62A233FCC00047F2F /* Debug */ = {
			isa = XCBuildConfiguration;
			buildSettings = {
				ASSETCATALOG_COMPILER_APPICON_NAME = AppIcon;
				ASSETCATALOG_COMPILER_GLOBAL_ACCENT_COLOR_NAME = AccentColor;
				CODE_SIGN_STYLE = Automatic;
				CURRENT_PROJECT_VERSION = 1;
				DEVELOPMENT_TEAM = B9L6G6ZJN2;
				GENERATE_INFOPLIST_FILE = YES;
				INFOPLIST_FILE = ImageFeed_2/Info.plist;
				INFOPLIST_KEY_UIApplicationSupportsIndirectInputEvents = YES;
				INFOPLIST_KEY_UILaunchStoryboardName = LaunchScreen;
				INFOPLIST_KEY_UIMainStoryboardFile = Main;
				INFOPLIST_KEY_UISupportedInterfaceOrientations = UIInterfaceOrientationPortrait;
				IPHONEOS_DEPLOYMENT_TARGET = 13.0;
				LD_RUNPATH_SEARCH_PATHS = (
					"$(inherited)",
					"@executable_path/Frameworks",
				);
				MARKETING_VERSION = 1.0;
				PRODUCT_BUNDLE_IDENTIFIER = "ru.dch000.ImageFeed-2";
				PRODUCT_NAME = "$(TARGET_NAME)";
				SUPPORTED_PLATFORMS = "iphoneos iphonesimulator";
				SUPPORTS_MACCATALYST = NO;
				SUPPORTS_MAC_DESIGNED_FOR_IPHONE_IPAD = NO;
				SWIFT_EMIT_LOC_STRINGS = YES;
				SWIFT_VERSION = 5.0;
				TARGETED_DEVICE_FAMILY = 1;
			};
			name = Debug;
		};
		8B7A04D72A233FCC00047F2F /* Release */ = {
			isa = XCBuildConfiguration;
			buildSettings = {
				ASSETCATALOG_COMPILER_APPICON_NAME = AppIcon;
				ASSETCATALOG_COMPILER_GLOBAL_ACCENT_COLOR_NAME = AccentColor;
				CODE_SIGN_STYLE = Automatic;
				CURRENT_PROJECT_VERSION = 1;
				DEVELOPMENT_TEAM = B9L6G6ZJN2;
				GENERATE_INFOPLIST_FILE = YES;
				INFOPLIST_FILE = ImageFeed_2/Info.plist;
				INFOPLIST_KEY_UIApplicationSupportsIndirectInputEvents = YES;
				INFOPLIST_KEY_UILaunchStoryboardName = LaunchScreen;
				INFOPLIST_KEY_UIMainStoryboardFile = Main;
				INFOPLIST_KEY_UISupportedInterfaceOrientations = UIInterfaceOrientationPortrait;
				IPHONEOS_DEPLOYMENT_TARGET = 13.0;
				LD_RUNPATH_SEARCH_PATHS = (
					"$(inherited)",
					"@executable_path/Frameworks",
				);
				MARKETING_VERSION = 1.0;
				PRODUCT_BUNDLE_IDENTIFIER = "ru.dch000.ImageFeed-2";
				PRODUCT_NAME = "$(TARGET_NAME)";
				SUPPORTED_PLATFORMS = "iphoneos iphonesimulator";
				SUPPORTS_MACCATALYST = NO;
				SUPPORTS_MAC_DESIGNED_FOR_IPHONE_IPAD = NO;
				SWIFT_EMIT_LOC_STRINGS = YES;
				SWIFT_VERSION = 5.0;
				TARGETED_DEVICE_FAMILY = 1;
			};
			name = Release;
		};
/* End XCBuildConfiguration section */

/* Begin XCConfigurationList section */
		8B7A04BC2A233FCA00047F2F /* Build configuration list for PBXProject "ImageFeed_2" */ = {
			isa = XCConfigurationList;
			buildConfigurations = (
				8B7A04D32A233FCC00047F2F /* Debug */,
				8B7A04D42A233FCC00047F2F /* Release */,
			);
			defaultConfigurationIsVisible = 0;
			defaultConfigurationName = Release;
		};
		8B7A04D52A233FCC00047F2F /* Build configuration list for PBXNativeTarget "ImageFeed_2" */ = {
			isa = XCConfigurationList;
			buildConfigurations = (
				8B7A04D62A233FCC00047F2F /* Debug */,
				8B7A04D72A233FCC00047F2F /* Release */,
			);
			defaultConfigurationIsVisible = 0;
			defaultConfigurationName = Release;
		};
/* End XCConfigurationList section */
	};
	rootObject = 8B7A04B92A233FCA00047F2F /* Project object */;
}
