// !$*UTF8*$!
{
	archiveVersion = 1;
	classes = {
	};
	objectVersion = 56;
	objects = {

/* Begin PBXBuildFile section */
		CE13EFCA29C35129001E3E76 /* Extension UIView.swift in Sources */ = {isa = PBXBuildFile; fileRef = CE13EFC929C35129001E3E76 /* Extension UIView.swift */; };
		CE13EFCD29C88B15001E3E76 /* Constants.swift in Sources */ = {isa = PBXBuildFile; fileRef = CE13EFCC29C88B15001E3E76 /* Constants.swift */; };
		CE13EFD029C8A148001E3E76 /* AuthViewController.swift in Sources */ = {isa = PBXBuildFile; fileRef = CE13EFCF29C8A148001E3E76 /* AuthViewController.swift */; };
		CE13EFD229C8A2BE001E3E76 /* WebViewViewController.swift in Sources */ = {isa = PBXBuildFile; fileRef = CE13EFD129C8A2BE001E3E76 /* WebViewViewController.swift */; };
		CE13EFD429CC6F72001E3E76 /* WebViewViewControllerDelegate.swift in Sources */ = {isa = PBXBuildFile; fileRef = CE13EFD329CC6F72001E3E76 /* WebViewViewControllerDelegate.swift */; };
		CE13EFD629CC976C001E3E76 /* NetworkClient.swift in Sources */ = {isa = PBXBuildFile; fileRef = CE13EFD529CC976C001E3E76 /* NetworkClient.swift */; };
		CE13EFD829CCA92B001E3E76 /* TokenStorage.swift in Sources */ = {isa = PBXBuildFile; fileRef = CE13EFD729CCA92B001E3E76 /* TokenStorage.swift */; };
		CE13EFDA29CCAFEF001E3E76 /* OAuthTokenResponseBody.swift in Sources */ = {isa = PBXBuildFile; fileRef = CE13EFD929CCAFEF001E3E76 /* OAuthTokenResponseBody.swift */; };
		CE4945F629A650EA001CE1B4 /* ImagesListCell.swift in Sources */ = {isa = PBXBuildFile; fileRef = CE4945F529A650EA001CE1B4 /* ImagesListCell.swift */; };
		CE4945F929A67F85001CE1B4 /* GradientCell.swift in Sources */ = {isa = PBXBuildFile; fileRef = CE4945F829A67F85001CE1B4 /* GradientCell.swift */; };
		CE70F96229A122FF00716648 /* AppDelegate.swift in Sources */ = {isa = PBXBuildFile; fileRef = CE70F96129A122FF00716648 /* AppDelegate.swift */; };
		CE70F96429A122FF00716648 /* SceneDelegate.swift in Sources */ = {isa = PBXBuildFile; fileRef = CE70F96329A122FF00716648 /* SceneDelegate.swift */; };
		CE70F96629A122FF00716648 /* ImagesListViewController.swift in Sources */ = {isa = PBXBuildFile; fileRef = CE70F96529A122FF00716648 /* ImagesListViewController.swift */; };
		CE70F96929A122FF00716648 /* Main.storyboard in Resources */ = {isa = PBXBuildFile; fileRef = CE70F96729A122FF00716648 /* Main.storyboard */; };
		CE70F96B29A1230000716648 /* Assets.xcassets in Resources */ = {isa = PBXBuildFile; fileRef = CE70F96A29A1230000716648 /* Assets.xcassets */; };
		CE70F96E29A1230000716648 /* LaunchScreen.storyboard in Resources */ = {isa = PBXBuildFile; fileRef = CE70F96C29A1230000716648 /* LaunchScreen.storyboard */; };
		CE748DED29B6428600C98A6A /* SingleImageViewController.swift in Sources */ = {isa = PBXBuildFile; fileRef = CE748DEC29B6428600C98A6A /* SingleImageViewController.swift */; };
		CECE56E329BE18D2000B34E2 /* Resourses.swift in Sources */ = {isa = PBXBuildFile; fileRef = CECE56E229BE18D2000B34E2 /* Resourses.swift */; };
		CECE56E629BE1BAB000B34E2 /* UIColor.swift in Sources */ = {isa = PBXBuildFile; fileRef = CECE56E529BE1BAB000B34E2 /* UIColor.swift */; };
		CED4F7AB29B6105F00807B78 /* ProfileViewController.swift in Sources */ = {isa = PBXBuildFile; fileRef = CED4F7AA29B6105F00807B78 /* ProfileViewController.swift */; };
		CEDB171429D1E4280047A1EF /* SplashViewController.swift in Sources */ = {isa = PBXBuildFile; fileRef = CEDB171329D1E4280047A1EF /* SplashViewController.swift */; };
		CEDB171629D1E5910047A1EF /* AuthViewControllerDelegate.swift in Sources */ = {isa = PBXBuildFile; fileRef = CEDB171529D1E5910047A1EF /* AuthViewControllerDelegate.swift */; };
/* End PBXBuildFile section */

/* Begin PBXFileReference section */
		CE13EFC929C35129001E3E76 /* Extension UIView.swift */ = {isa = PBXFileReference; lastKnownFileType = sourcecode.swift; path = "Extension UIView.swift"; sourceTree = "<group>"; };
		CE13EFCC29C88B15001E3E76 /* Constants.swift */ = {isa = PBXFileReference; lastKnownFileType = sourcecode.swift; path = Constants.swift; sourceTree = "<group>"; };
		CE13EFCF29C8A148001E3E76 /* AuthViewController.swift */ = {isa = PBXFileReference; lastKnownFileType = sourcecode.swift; path = AuthViewController.swift; sourceTree = "<group>"; };
		CE13EFD129C8A2BE001E3E76 /* WebViewViewController.swift */ = {isa = PBXFileReference; lastKnownFileType = sourcecode.swift; path = WebViewViewController.swift; sourceTree = "<group>"; };
		CE13EFD329CC6F72001E3E76 /* WebViewViewControllerDelegate.swift */ = {isa = PBXFileReference; lastKnownFileType = sourcecode.swift; path = WebViewViewControllerDelegate.swift; sourceTree = "<group>"; };
		CE13EFD529CC976C001E3E76 /* NetworkClient.swift */ = {isa = PBXFileReference; lastKnownFileType = sourcecode.swift; path = NetworkClient.swift; sourceTree = "<group>"; };
		CE13EFD729CCA92B001E3E76 /* TokenStorage.swift */ = {isa = PBXFileReference; lastKnownFileType = sourcecode.swift; path = TokenStorage.swift; sourceTree = "<group>"; };
		CE13EFD929CCAFEF001E3E76 /* OAuthTokenResponseBody.swift */ = {isa = PBXFileReference; lastKnownFileType = sourcecode.swift; path = OAuthTokenResponseBody.swift; sourceTree = "<group>"; };
		CE4945F529A650EA001CE1B4 /* ImagesListCell.swift */ = {isa = PBXFileReference; lastKnownFileType = sourcecode.swift; path = ImagesListCell.swift; sourceTree = "<group>"; };
		CE4945F829A67F85001CE1B4 /* GradientCell.swift */ = {isa = PBXFileReference; lastKnownFileType = sourcecode.swift; path = GradientCell.swift; sourceTree = "<group>"; };
		CE70F95E29A122FF00716648 /* ImageFeed.app */ = {isa = PBXFileReference; explicitFileType = wrapper.application; includeInIndex = 0; path = ImageFeed.app; sourceTree = BUILT_PRODUCTS_DIR; };
		CE70F96129A122FF00716648 /* AppDelegate.swift */ = {isa = PBXFileReference; lastKnownFileType = sourcecode.swift; path = AppDelegate.swift; sourceTree = "<group>"; };
		CE70F96329A122FF00716648 /* SceneDelegate.swift */ = {isa = PBXFileReference; lastKnownFileType = sourcecode.swift; path = SceneDelegate.swift; sourceTree = "<group>"; };
		CE70F96529A122FF00716648 /* ImagesListViewController.swift */ = {isa = PBXFileReference; lastKnownFileType = sourcecode.swift; path = ImagesListViewController.swift; sourceTree = "<group>"; };
		CE70F96829A122FF00716648 /* Base */ = {isa = PBXFileReference; lastKnownFileType = file.storyboard; name = Base; path = Base.lproj/Main.storyboard; sourceTree = "<group>"; };
		CE70F96A29A1230000716648 /* Assets.xcassets */ = {isa = PBXFileReference; lastKnownFileType = folder.assetcatalog; path = Assets.xcassets; sourceTree = "<group>"; };
		CE70F96D29A1230000716648 /* Base */ = {isa = PBXFileReference; lastKnownFileType = file.storyboard; name = Base; path = Base.lproj/LaunchScreen.storyboard; sourceTree = "<group>"; };
		CE70F96F29A1230000716648 /* Info.plist */ = {isa = PBXFileReference; lastKnownFileType = text.plist.xml; path = Info.plist; sourceTree = "<group>"; };
		CE748DEC29B6428600C98A6A /* SingleImageViewController.swift */ = {isa = PBXFileReference; lastKnownFileType = sourcecode.swift; path = SingleImageViewController.swift; sourceTree = "<group>"; };
		CECE56E229BE18D2000B34E2 /* Resourses.swift */ = {isa = PBXFileReference; lastKnownFileType = sourcecode.swift; path = Resourses.swift; sourceTree = "<group>"; };
		CECE56E529BE1BAB000B34E2 /* UIColor.swift */ = {isa = PBXFileReference; lastKnownFileType = sourcecode.swift; path = UIColor.swift; sourceTree = "<group>"; };
		CED4F7AA29B6105F00807B78 /* ProfileViewController.swift */ = {isa = PBXFileReference; lastKnownFileType = sourcecode.swift; path = ProfileViewController.swift; sourceTree = "<group>"; };
		CEDB171329D1E4280047A1EF /* SplashViewController.swift */ = {isa = PBXFileReference; lastKnownFileType = sourcecode.swift; path = SplashViewController.swift; sourceTree = "<group>"; };
		CEDB171529D1E5910047A1EF /* AuthViewControllerDelegate.swift */ = {isa = PBXFileReference; lastKnownFileType = sourcecode.swift; path = AuthViewControllerDelegate.swift; sourceTree = "<group>"; };
/* End PBXFileReference section */

/* Begin PBXFrameworksBuildPhase section */
		CE70F95B29A122FF00716648 /* Frameworks */ = {
			isa = PBXFrameworksBuildPhase;
			buildActionMask = 2147483647;
			files = (
			);
			runOnlyForDeploymentPostprocessing = 0;
		};
/* End PBXFrameworksBuildPhase section */

/* Begin PBXGroup section */
		CE13EFCB29C88AF4001E3E76 /* Unsplash API */ = {
			isa = PBXGroup;
			children = (
				CE13EFCC29C88B15001E3E76 /* Constants.swift */,
				CE13EFD529CC976C001E3E76 /* NetworkClient.swift */,
				CE13EFD729CCA92B001E3E76 /* TokenStorage.swift */,
				CE13EFD929CCAFEF001E3E76 /* OAuthTokenResponseBody.swift */,
			);
			path = "Unsplash API";
			sourceTree = "<group>";
		};
		CE13EFCE29C8A122001E3E76 /* AuthView */ = {
			isa = PBXGroup;
			children = (
				CE13EFCF29C8A148001E3E76 /* AuthViewController.swift */,
				CE13EFD129C8A2BE001E3E76 /* WebViewViewController.swift */,
				CE13EFD329CC6F72001E3E76 /* WebViewViewControllerDelegate.swift */,
				CEDB171529D1E5910047A1EF /* AuthViewControllerDelegate.swift */,
			);
			path = AuthView;
			sourceTree = "<group>";
		};
		CE4945F729A65131001CE1B4 /* ImagesList */ = {
			isa = PBXGroup;
			children = (
				CE70F96529A122FF00716648 /* ImagesListViewController.swift */,
				CE4945F529A650EA001CE1B4 /* ImagesListCell.swift */,
				CE4945F829A67F85001CE1B4 /* GradientCell.swift */,
			);
			path = ImagesList;
			sourceTree = "<group>";
		};
		CE6C46E929B73D2A00B88608 /* ProfileView */ = {
			isa = PBXGroup;
			children = (
				CED4F7AA29B6105F00807B78 /* ProfileViewController.swift */,
			);
			path = ProfileView;
			sourceTree = "<group>";
		};
		CE6C46EA29B73D3800B88608 /* SingleImageView */ = {
			isa = PBXGroup;
			children = (
				CE748DEC29B6428600C98A6A /* SingleImageViewController.swift */,
			);
			path = SingleImageView;
			sourceTree = "<group>";
		};
		CE70F95529A122FF00716648 = {
			isa = PBXGroup;
			children = (
				CE70F96029A122FF00716648 /* ImageFeed */,
				CE70F95F29A122FF00716648 /* Products */,
			);
			sourceTree = "<group>";
		};
		CE70F95F29A122FF00716648 /* Products */ = {
			isa = PBXGroup;
			children = (
				CE70F95E29A122FF00716648 /* ImageFeed.app */,
			);
			name = Products;
			sourceTree = "<group>";
		};
		CE70F96029A122FF00716648 /* ImageFeed */ = {
			isa = PBXGroup;
			children = (
				CEDB171229D1E4120047A1EF /* SplashView */,
				CE13EFCE29C8A122001E3E76 /* AuthView */,
				CE13EFCB29C88AF4001E3E76 /* Unsplash API */,
				CECE56E429BE1B97000B34E2 /* Helpers */,
				CE4945F729A65131001CE1B4 /* ImagesList */,
				CE6C46EA29B73D3800B88608 /* SingleImageView */,
				CE6C46E929B73D2A00B88608 /* ProfileView */,
				CE70F96129A122FF00716648 /* AppDelegate.swift */,
				CE70F96329A122FF00716648 /* SceneDelegate.swift */,
				CE70F96729A122FF00716648 /* Main.storyboard */,
				CE70F96A29A1230000716648 /* Assets.xcassets */,
				CE70F96C29A1230000716648 /* LaunchScreen.storyboard */,
				CE70F96F29A1230000716648 /* Info.plist */,
			);
			path = ImageFeed;
			sourceTree = "<group>";
		};
		CECE56E429BE1B97000B34E2 /* Helpers */ = {
			isa = PBXGroup;
			children = (
				CECE56E229BE18D2000B34E2 /* Resourses.swift */,
				CECE56E529BE1BAB000B34E2 /* UIColor.swift */,
				CE13EFC929C35129001E3E76 /* Extension UIView.swift */,
			);
			path = Helpers;
			sourceTree = "<group>";
		};
		CEDB171229D1E4120047A1EF /* SplashView */ = {
			isa = PBXGroup;
			children = (
				CEDB171329D1E4280047A1EF /* SplashViewController.swift */,
			);
			path = SplashView;
			sourceTree = "<group>";
		};
/* End PBXGroup section */

/* Begin PBXNativeTarget section */
		CE70F95D29A122FF00716648 /* ImageFeed */ = {
			isa = PBXNativeTarget;
			buildConfigurationList = CE70F97229A1230000716648 /* Build configuration list for PBXNativeTarget "ImageFeed" */;
			buildPhases = (
				CE70F95A29A122FF00716648 /* Sources */,
				CE70F95B29A122FF00716648 /* Frameworks */,
				CE70F95C29A122FF00716648 /* Resources */,
			);
			buildRules = (
			);
			dependencies = (
			);
			name = ImageFeed;
			productName = ImageFeed;
			productReference = CE70F95E29A122FF00716648 /* ImageFeed.app */;
			productType = "com.apple.product-type.application";
		};
/* End PBXNativeTarget section */

/* Begin PBXProject section */
		CE70F95629A122FF00716648 /* Project object */ = {
			isa = PBXProject;
			attributes = {
				BuildIndependentTargetsInParallel = 1;
				LastSwiftUpdateCheck = 1400;
				LastUpgradeCheck = 1400;
				TargetAttributes = {
					CE70F95D29A122FF00716648 = {
						CreatedOnToolsVersion = 14.0.1;
					};
				};
			};
			buildConfigurationList = CE70F95929A122FF00716648 /* Build configuration list for PBXProject "ImageFeed" */;
			compatibilityVersion = "Xcode 14.0";
			developmentRegion = en;
			hasScannedForEncodings = 0;
			knownRegions = (
				en,
				Base,
			);
			mainGroup = CE70F95529A122FF00716648;
			productRefGroup = CE70F95F29A122FF00716648 /* Products */;
			projectDirPath = "";
			projectRoot = "";
			targets = (
				CE70F95D29A122FF00716648 /* ImageFeed */,
			);
		};
/* End PBXProject section */

/* Begin PBXResourcesBuildPhase section */
		CE70F95C29A122FF00716648 /* Resources */ = {
			isa = PBXResourcesBuildPhase;
			buildActionMask = 2147483647;
			files = (
				CE70F96E29A1230000716648 /* LaunchScreen.storyboard in Resources */,
				CE70F96B29A1230000716648 /* Assets.xcassets in Resources */,
				CE70F96929A122FF00716648 /* Main.storyboard in Resources */,
			);
			runOnlyForDeploymentPostprocessing = 0;
		};
/* End PBXResourcesBuildPhase section */

/* Begin PBXSourcesBuildPhase section */
		CE70F95A29A122FF00716648 /* Sources */ = {
			isa = PBXSourcesBuildPhase;
			buildActionMask = 2147483647;
			files = (
				CED4F7AB29B6105F00807B78 /* ProfileViewController.swift in Sources */,
				CE13EFCD29C88B15001E3E76 /* Constants.swift in Sources */,
				CE70F96629A122FF00716648 /* ImagesListViewController.swift in Sources */,
				CEDB171429D1E4280047A1EF /* SplashViewController.swift in Sources */,
				CE4945F929A67F85001CE1B4 /* GradientCell.swift in Sources */,
				CE13EFD029C8A148001E3E76 /* AuthViewController.swift in Sources */,
				CE13EFDA29CCAFEF001E3E76 /* OAuthTokenResponseBody.swift in Sources */,
				CE13EFD429CC6F72001E3E76 /* WebViewViewControllerDelegate.swift in Sources */,
				CE13EFCA29C35129001E3E76 /* Extension UIView.swift in Sources */,
				CECE56E329BE18D2000B34E2 /* Resourses.swift in Sources */,
				CECE56E629BE1BAB000B34E2 /* UIColor.swift in Sources */,
				CE13EFD229C8A2BE001E3E76 /* WebViewViewController.swift in Sources */,
				CE748DED29B6428600C98A6A /* SingleImageViewController.swift in Sources */,
				CE13EFD629CC976C001E3E76 /* NetworkClient.swift in Sources */,
				CE13EFD829CCA92B001E3E76 /* TokenStorage.swift in Sources */,
				CE4945F629A650EA001CE1B4 /* ImagesListCell.swift in Sources */,
				CEDB171629D1E5910047A1EF /* AuthViewControllerDelegate.swift in Sources */,
				CE70F96229A122FF00716648 /* AppDelegate.swift in Sources */,
				CE70F96429A122FF00716648 /* SceneDelegate.swift in Sources */,
			);
			runOnlyForDeploymentPostprocessing = 0;
		};
/* End PBXSourcesBuildPhase section */

/* Begin PBXVariantGroup section */
		CE70F96729A122FF00716648 /* Main.storyboard */ = {
			isa = PBXVariantGroup;
			children = (
				CE70F96829A122FF00716648 /* Base */,
			);
			name = Main.storyboard;
			sourceTree = "<group>";
		};
		CE70F96C29A1230000716648 /* LaunchScreen.storyboard */ = {
			isa = PBXVariantGroup;
			children = (
				CE70F96D29A1230000716648 /* Base */,
			);
			name = LaunchScreen.storyboard;
			sourceTree = "<group>";
		};
/* End PBXVariantGroup section */

/* Begin XCBuildConfiguration section */
		CE70F97029A1230000716648 /* Debug */ = {
			isa = XCBuildConfiguration;
			buildSettings = {
				ALWAYS_SEARCH_USER_PATHS = NO;
				CLANG_ANALYZER_NONNULL = YES;
				CLANG_ANALYZER_NUMBER_OBJECT_CONVERSION = YES_AGGRESSIVE;
				CLANG_CXX_LANGUAGE_STANDARD = "gnu++20";
				CLANG_ENABLE_MODULES = YES;
				CLANG_ENABLE_OBJC_ARC = YES;
				CLANG_ENABLE_OBJC_WEAK = YES;
				CLANG_WARN_BLOCK_CAPTURE_AUTORELEASING = YES;
				CLANG_WARN_BOOL_CONVERSION = YES;
				CLANG_WARN_COMMA = YES;
				CLANG_WARN_CONSTANT_CONVERSION = YES;
				CLANG_WARN_DEPRECATED_OBJC_IMPLEMENTATIONS = YES;
				CLANG_WARN_DIRECT_OBJC_ISA_USAGE = YES_ERROR;
				CLANG_WARN_DOCUMENTATION_COMMENTS = YES;
				CLANG_WARN_EMPTY_BODY = YES;
				CLANG_WARN_ENUM_CONVERSION = YES;
				CLANG_WARN_INFINITE_RECURSION = YES;
				CLANG_WARN_INT_CONVERSION = YES;
				CLANG_WARN_NON_LITERAL_NULL_CONVERSION = YES;
				CLANG_WARN_OBJC_IMPLICIT_RETAIN_SELF = YES;
				CLANG_WARN_OBJC_LITERAL_CONVERSION = YES;
				CLANG_WARN_OBJC_ROOT_CLASS = YES_ERROR;
				CLANG_WARN_QUOTED_INCLUDE_IN_FRAMEWORK_HEADER = YES;
				CLANG_WARN_RANGE_LOOP_ANALYSIS = YES;
				CLANG_WARN_STRICT_PROTOTYPES = YES;
				CLANG_WARN_SUSPICIOUS_MOVE = YES;
				CLANG_WARN_UNGUARDED_AVAILABILITY = YES_AGGRESSIVE;
				CLANG_WARN_UNREACHABLE_CODE = YES;
				CLANG_WARN__DUPLICATE_METHOD_MATCH = YES;
				COPY_PHASE_STRIP = NO;
				DEBUG_INFORMATION_FORMAT = dwarf;
				ENABLE_STRICT_OBJC_MSGSEND = YES;
				ENABLE_TESTABILITY = YES;
				GCC_C_LANGUAGE_STANDARD = gnu11;
				GCC_DYNAMIC_NO_PIC = NO;
				GCC_NO_COMMON_BLOCKS = YES;
				GCC_OPTIMIZATION_LEVEL = 0;
				GCC_PREPROCESSOR_DEFINITIONS = (
					"DEBUG=1",
					"$(inherited)",
				);
				GCC_WARN_64_TO_32_BIT_CONVERSION = YES;
				GCC_WARN_ABOUT_RETURN_TYPE = YES_ERROR;
				GCC_WARN_UNDECLARED_SELECTOR = YES;
				GCC_WARN_UNINITIALIZED_AUTOS = YES_AGGRESSIVE;
				GCC_WARN_UNUSED_FUNCTION = YES;
				GCC_WARN_UNUSED_VARIABLE = YES;
				IPHONEOS_DEPLOYMENT_TARGET = 16.0;
				MTL_ENABLE_DEBUG_INFO = INCLUDE_SOURCE;
				MTL_FAST_MATH = YES;
				ONLY_ACTIVE_ARCH = YES;
				SDKROOT = iphoneos;
				SWIFT_ACTIVE_COMPILATION_CONDITIONS = DEBUG;
				SWIFT_OPTIMIZATION_LEVEL = "-Onone";
			};
			name = Debug;
		};
		CE70F97129A1230000716648 /* Release */ = {
			isa = XCBuildConfiguration;
			buildSettings = {
				ALWAYS_SEARCH_USER_PATHS = NO;
				CLANG_ANALYZER_NONNULL = YES;
				CLANG_ANALYZER_NUMBER_OBJECT_CONVERSION = YES_AGGRESSIVE;
				CLANG_CXX_LANGUAGE_STANDARD = "gnu++20";
				CLANG_ENABLE_MODULES = YES;
				CLANG_ENABLE_OBJC_ARC = YES;
				CLANG_ENABLE_OBJC_WEAK = YES;
				CLANG_WARN_BLOCK_CAPTURE_AUTORELEASING = YES;
				CLANG_WARN_BOOL_CONVERSION = YES;
				CLANG_WARN_COMMA = YES;
				CLANG_WARN_CONSTANT_CONVERSION = YES;
				CLANG_WARN_DEPRECATED_OBJC_IMPLEMENTATIONS = YES;
				CLANG_WARN_DIRECT_OBJC_ISA_USAGE = YES_ERROR;
				CLANG_WARN_DOCUMENTATION_COMMENTS = YES;
				CLANG_WARN_EMPTY_BODY = YES;
				CLANG_WARN_ENUM_CONVERSION = YES;
				CLANG_WARN_INFINITE_RECURSION = YES;
				CLANG_WARN_INT_CONVERSION = YES;
				CLANG_WARN_NON_LITERAL_NULL_CONVERSION = YES;
				CLANG_WARN_OBJC_IMPLICIT_RETAIN_SELF = YES;
				CLANG_WARN_OBJC_LITERAL_CONVERSION = YES;
				CLANG_WARN_OBJC_ROOT_CLASS = YES_ERROR;
				CLANG_WARN_QUOTED_INCLUDE_IN_FRAMEWORK_HEADER = YES;
				CLANG_WARN_RANGE_LOOP_ANALYSIS = YES;
				CLANG_WARN_STRICT_PROTOTYPES = YES;
				CLANG_WARN_SUSPICIOUS_MOVE = YES;
				CLANG_WARN_UNGUARDED_AVAILABILITY = YES_AGGRESSIVE;
				CLANG_WARN_UNREACHABLE_CODE = YES;
				CLANG_WARN__DUPLICATE_METHOD_MATCH = YES;
				COPY_PHASE_STRIP = NO;
				DEBUG_INFORMATION_FORMAT = "dwarf-with-dsym";
				ENABLE_NS_ASSERTIONS = NO;
				ENABLE_STRICT_OBJC_MSGSEND = YES;
				GCC_C_LANGUAGE_STANDARD = gnu11;
				GCC_NO_COMMON_BLOCKS = YES;
				GCC_WARN_64_TO_32_BIT_CONVERSION = YES;
				GCC_WARN_ABOUT_RETURN_TYPE = YES_ERROR;
				GCC_WARN_UNDECLARED_SELECTOR = YES;
				GCC_WARN_UNINITIALIZED_AUTOS = YES_AGGRESSIVE;
				GCC_WARN_UNUSED_FUNCTION = YES;
				GCC_WARN_UNUSED_VARIABLE = YES;
				IPHONEOS_DEPLOYMENT_TARGET = 16.0;
				MTL_ENABLE_DEBUG_INFO = NO;
				MTL_FAST_MATH = YES;
				SDKROOT = iphoneos;
				SWIFT_COMPILATION_MODE = wholemodule;
				SWIFT_OPTIMIZATION_LEVEL = "-O";
				VALIDATE_PRODUCT = YES;
			};
			name = Release;
		};
		CE70F97329A1230000716648 /* Debug */ = {
			isa = XCBuildConfiguration;
			buildSettings = {
				ASSETCATALOG_COMPILER_APPICON_NAME = AppIcon;
				ASSETCATALOG_COMPILER_GLOBAL_ACCENT_COLOR_NAME = AccentColor;
				CODE_SIGN_STYLE = Automatic;
				CURRENT_PROJECT_VERSION = 1;
				DEVELOPMENT_TEAM = C4L53C7A94;
				GENERATE_INFOPLIST_FILE = YES;
				INFOPLIST_FILE = ImageFeed/Info.plist;
				INFOPLIST_KEY_UIApplicationSupportsIndirectInputEvents = YES;
				INFOPLIST_KEY_UILaunchStoryboardName = LaunchScreen;
				INFOPLIST_KEY_UIMainStoryboardFile = Main;
				INFOPLIST_KEY_UIStatusBarStyle = UIStatusBarStyleLightContent;
				INFOPLIST_KEY_UISupportedInterfaceOrientations = UIInterfaceOrientationPortrait;
				IPHONEOS_DEPLOYMENT_TARGET = 13.0;
				LD_RUNPATH_SEARCH_PATHS = (
					"$(inherited)",
					"@executable_path/Frameworks",
				);
				MARKETING_VERSION = 1.0;
				PRODUCT_BUNDLE_IDENTIFIER = ru.yandex.practicum.ImageFeed.litvinov000;
				PRODUCT_NAME = "$(TARGET_NAME)";
				SUPPORTED_PLATFORMS = "iphoneos iphonesimulator";
				SUPPORTS_MACCATALYST = NO;
				SUPPORTS_MAC_DESIGNED_FOR_IPHONE_IPAD = NO;
				SWIFT_EMIT_LOC_STRINGS = YES;
				SWIFT_VERSION = 5.0;
				TARGETED_DEVICE_FAMILY = 1;
			};
			name = Debug;
		};
		CE70F97429A1230000716648 /* Release */ = {
			isa = XCBuildConfiguration;
			buildSettings = {
				ASSETCATALOG_COMPILER_APPICON_NAME = AppIcon;
				ASSETCATALOG_COMPILER_GLOBAL_ACCENT_COLOR_NAME = AccentColor;
				CODE_SIGN_STYLE = Automatic;
				CURRENT_PROJECT_VERSION = 1;
				DEVELOPMENT_TEAM = C4L53C7A94;
				GENERATE_INFOPLIST_FILE = YES;
				INFOPLIST_FILE = ImageFeed/Info.plist;
				INFOPLIST_KEY_UIApplicationSupportsIndirectInputEvents = YES;
				INFOPLIST_KEY_UILaunchStoryboardName = LaunchScreen;
				INFOPLIST_KEY_UIMainStoryboardFile = Main;
				INFOPLIST_KEY_UIStatusBarStyle = UIStatusBarStyleLightContent;
				INFOPLIST_KEY_UISupportedInterfaceOrientations = UIInterfaceOrientationPortrait;
				IPHONEOS_DEPLOYMENT_TARGET = 13.0;
				LD_RUNPATH_SEARCH_PATHS = (
					"$(inherited)",
					"@executable_path/Frameworks",
				);
				MARKETING_VERSION = 1.0;
				PRODUCT_BUNDLE_IDENTIFIER = ru.yandex.practicum.ImageFeed.litvinov000;
				PRODUCT_NAME = "$(TARGET_NAME)";
				SUPPORTED_PLATFORMS = "iphoneos iphonesimulator";
				SUPPORTS_MACCATALYST = NO;
				SUPPORTS_MAC_DESIGNED_FOR_IPHONE_IPAD = NO;
				SWIFT_EMIT_LOC_STRINGS = YES;
				SWIFT_VERSION = 5.0;
				TARGETED_DEVICE_FAMILY = 1;
			};
			name = Release;
		};
/* End XCBuildConfiguration section */

/* Begin XCConfigurationList section */
		CE70F95929A122FF00716648 /* Build configuration list for PBXProject "ImageFeed" */ = {
			isa = XCConfigurationList;
			buildConfigurations = (
				CE70F97029A1230000716648 /* Debug */,
				CE70F97129A1230000716648 /* Release */,
			);
			defaultConfigurationIsVisible = 0;
			defaultConfigurationName = Release;
		};
		CE70F97229A1230000716648 /* Build configuration list for PBXNativeTarget "ImageFeed" */ = {
			isa = XCConfigurationList;
			buildConfigurations = (
				CE70F97329A1230000716648 /* Debug */,
				CE70F97429A1230000716648 /* Release */,
			);
			defaultConfigurationIsVisible = 0;
			defaultConfigurationName = Release;
		};
/* End XCConfigurationList section */
	};
	rootObject = CE70F95629A122FF00716648 /* Project object */;
}
